
Microsoft Visual Studio Solution File, Format Version 12.00
# Visual Studio Version 16
VisualStudioVersion = 16.0.31205.134
MinimumVisualStudioVersion = 10.0.40219.1
Project("{FAE04EC0-301F-11D3-BF4B-00C04F79EFBC}") = "WebsiteForWaterMeters.API", "WebsiteForWaterMeters.API\WebsiteForWaterMeters.API.csproj", "{6A756D28-EB79-4C05-B10E-020775555927}"
EndProject
Global
	GlobalSection(SolutionConfigurationPlatforms) = preSolution
		Debug|Any CPU = Debug|Any CPU
		Release|Any CPU = Release|Any CPU
	EndGlobalSection
	GlobalSection(ProjectConfigurationPlatforms) = postSolution
		{6A756D28-EB79-4C05-B10E-020775555927}.Debug|Any CPU.ActiveCfg = Debug|Any CPU
		{6A756D28-EB79-4C05-B10E-020775555927}.Debug|Any CPU.Build.0 = Debug|Any CPU
		{6A756D28-EB79-4C05-B10E-020775555927}.Release|Any CPU.ActiveCfg = Release|Any CPU
		{6A756D28-EB79-4C05-B10E-020775555927}.Release|Any CPU.Build.0 = Release|Any CPU
	EndGlobalSection
	GlobalSection(SolutionProperties) = preSolution
		HideSolutionNode = FALSE
	EndGlobalSection
	GlobalSection(ExtensibilityGlobals) = postSolution
		SolutionGuid = {57EDEB0B-848E-41B9-9C51-5BEA6DACD9D1}
	EndGlobalSection
EndGlobal
